
Microsoft Visual Studio Solution File, Format Version 12.00
# Visual Studio Version 17
VisualStudioVersion = 17.6.33829.357
MinimumVisualStudioVersion = 10.0.40219.1
Project("{FAE04EC0-301F-11D3-BF4B-00C04F79EFBC}") = "ArraysAndListsExamples", "ArraysAndListsExamples\ArraysAndListsExamples.csproj", "{119E9F80-1BB2-457D-BEC0-DA48C13A8C93}"
EndProject
Global
	GlobalSection(SolutionConfigurationPlatforms) = preSolution
		Debug|Any CPU = Debug|Any CPU
		Release|Any CPU = Release|Any CPU
	EndGlobalSection
	GlobalSection(ProjectConfigurationPlatforms) = postSolution
		{119E9F80-1BB2-457D-BEC0-DA48C13A8C93}.Debug|Any CPU.ActiveCfg = Debug|Any CPU
		{119E9F80-1BB2-457D-BEC0-DA48C13A8C93}.Debug|Any CPU.Build.0 = Debug|Any CPU
		{119E9F80-1BB2-457D-BEC0-DA48C13A8C93}.Release|Any CPU.ActiveCfg = Release|Any CPU
		{119E9F80-1BB2-457D-BEC0-DA48C13A8C93}.Release|Any CPU.Build.0 = Release|Any CPU
	EndGlobalSection
	GlobalSection(SolutionProperties) = preSolution
		HideSolutionNode = FALSE
	EndGlobalSection
	GlobalSection(ExtensibilityGlobals) = postSolution
		SolutionGuid = {0FA2074B-FE2D-432F-BCE4-88D4D976EAC7}
	EndGlobalSection
EndGlobal
